// !$*UTF8*$!
{
	archiveVersion = 1;
	classes = {
	};
	objectVersion = 46;
	objects = {

/* Begin PBXBuildFile section */
		98137C7A1DF61D4300EEB95F /* AppDelegate.swift in Sources */ = {isa = PBXBuildFile; fileRef = 98137C791DF61D4300EEB95F /* AppDelegate.swift */; };
		98137C7C1DF61D4300EEB95F /* ViewController.swift in Sources */ = {isa = PBXBuildFile; fileRef = 98137C7B1DF61D4300EEB95F /* ViewController.swift */; };
		98137C7F1DF61D4300EEB95F /* Main.storyboard in Resources */ = {isa = PBXBuildFile; fileRef = 98137C7D1DF61D4300EEB95F /* Main.storyboard */; };
		98137C811DF61D4300EEB95F /* Assets.xcassets in Resources */ = {isa = PBXBuildFile; fileRef = 98137C801DF61D4300EEB95F /* Assets.xcassets */; };
		98137C841DF61D4300EEB95F /* LaunchScreen.storyboard in Resources */ = {isa = PBXBuildFile; fileRef = 98137C821DF61D4300EEB95F /* LaunchScreen.storyboard */; };
/* End PBXBuildFile section */

/* Begin PBXFileReference section */
		98137C761DF61D4300EEB95F /* Labels.app */ = {isa = PBXFileReference; explicitFileType = wrapper.application; includeInIndex = 0; path = Labels.app; sourceTree = BUILT_PRODUCTS_DIR; };
		98137C791DF61D4300EEB95F /* AppDelegate.swift */ = {isa = PBXFileReference; lastKnownFileType = sourcecode.swift; path = AppDelegate.swift; sourceTree = "<group>"; };
		98137C7B1DF61D4300EEB95F /* ViewController.swift */ = {isa = PBXFileReference; lastKnownFileType = sourcecode.swift; path = ViewController.swift; sourceTree = "<group>"; };
		98137C7E1DF61D4300EEB95F /* Base */ = {isa = PBXFileReference; lastKnownFileType = file.storyboard; name = Base; path = Base.lproj/Main.storyboard; sourceTree = "<group>"; };
		98137C801DF61D4300EEB95F /* Assets.xcassets */ = {isa = PBXFileReference; lastKnownFileType = folder.assetcatalog; path = Assets.xcassets; sourceTree = "<group>"; };
		98137C831DF61D4300EEB95F /* Base */ = {isa = PBXFileReference; lastKnownFileType = file.storyboard; name = Base; path = Base.lproj/LaunchScreen.storyboard; sourceTree = "<group>"; };
		98137C851DF61D4300EEB95F /* Info.plist */ = {isa = PBXFileReference; lastKnownFileType = text.plist.xml; path = Info.plist; sourceTree = "<group>"; };
/* End PBXFileReference section */

/* Begin PBXFrameworksBuildPhase section */
		98137C731DF61D4300EEB95F /* Frameworks */ = {
			isa = PBXFrameworksBuildPhase;
			buildActionMask = 2147483647;
			files = (
			);
			runOnlyForDeploymentPostprocessing = 0;
		};
/* End PBXFrameworksBuildPhase section */

/* Begin PBXGroup section */
		98137C6D1DF61D4300EEB95F = {
			isa = PBXGroup;
			children = (
				98137C781DF61D4300EEB95F /* Labels */,
				98137C771DF61D4300EEB95F /* Products */,
			);
			sourceTree = "<group>";
		};
		98137C771DF61D4300EEB95F /* Products */ = {
			isa = PBXGroup;
			children = (
				98137C761DF61D4300EEB95F /* Labels.app */,
			);
			name = Products;
			sourceTree = "<group>";
		};
		98137C781DF61D4300EEB95F /* Labels */ = {
			isa = PBXGroup;
			children = (
				98137C791DF61D4300EEB95F /* AppDelegate.swift */,
				98137C7B1DF61D4300EEB95F /* ViewController.swift */,
				98137C7D1DF61D4300EEB95F /* Main.storyboard */,
				98137C801DF61D4300EEB95F /* Assets.xcassets */,
				98137C821DF61D4300EEB95F /* LaunchScreen.storyboard */,
				98137C851DF61D4300EEB95F /* Info.plist */,
			);
			path = Labels;
			sourceTree = "<group>";
		};
/* End PBXGroup section */

/* Begin PBXNativeTarget section */
		98137C751DF61D4300EEB95F /* Labels */ = {
			isa = PBXNativeTarget;
			buildConfigurationList = 98137C881DF61D4300EEB95F /* Build configuration list for PBXNativeTarget "Labels" */;
			buildPhases = (
				98137C721DF61D4300EEB95F /* Sources */,
				98137C731DF61D4300EEB95F /* Frameworks */,
				98137C741DF61D4300EEB95F /* Resources */,
			);
			buildRules = (
			);
			dependencies = (
			);
			name = Labels;
			productName = Labels;
			productReference = 98137C761DF61D4300EEB95F /* Labels.app */;
			productType = "com.apple.product-type.application";
		};
/* End PBXNativeTarget section */

/* Begin PBXProject section */
		98137C6E1DF61D4300EEB95F /* Project object */ = {
			isa = PBXProject;
			attributes = {
				LastSwiftUpdateCheck = 0810;
				LastUpgradeCheck = 0810;
				ORGANIZATIONNAME = "Juan Gabriel Lievano";
				TargetAttributes = {
					98137C751DF61D4300EEB95F = {
						CreatedOnToolsVersion = 8.1;
						DevelopmentTeam = YZES4W93E9;
						ProvisioningStyle = Automatic;
					};
				};
			};
			buildConfigurationList = 98137C711DF61D4300EEB95F /* Build configuration list for PBXProject "Labels" */;
			compatibilityVersion = "Xcode 3.2";
			developmentRegion = English;
			hasScannedForEncodings = 0;
			knownRegions = (
				en,
				Base,
			);
			mainGroup = 98137C6D1DF61D4300EEB95F;
			productRefGroup = 98137C771DF61D4300EEB95F /* Products */;
			projectDirPath = "";
			projectRoot = "";
			targets = (
				98137C751DF61D4300EEB95F /* Labels */,
			);
		};
/* End PBXProject section */

/* Begin PBXResourcesBuildPhase section */
		98137C741DF61D4300EEB95F /* Resources */ = {
			isa = PBXResourcesBuildPhase;
			buildActionMask = 2147483647;
			files = (
				98137C841DF61D4300EEB95F /* LaunchScreen.storyboard in Resources */,
				98137C811DF61D4300EEB95F /* Assets.xcassets in Resources */,
				98137C7F1DF61D4300EEB95F /* Main.storyboard in Resources */,
			);
			runOnlyForDeploymentPostprocessing = 0;
		};
/* End PBXResourcesBuildPhase section */

/* Begin PBXSourcesBuildPhase section */
		98137C721DF61D4300EEB95F /* Sources */ = {
			isa = PBXSourcesBuildPhase;
			buildActionMask = 2147483647;
			files = (
				98137C7C1DF61D4300EEB95F /* ViewController.swift in Sources */,
				98137C7A1DF61D4300EEB95F /* AppDelegate.swift in Sources */,
			);
			runOnlyForDeploymentPostprocessing = 0;
		};
/* End PBXSourcesBuildPhase section */

/* Begin PBXVariantGroup section */
		98137C7D1DF61D4300EEB95F /* Main.storyboard */ = {
			isa = PBXVariantGroup;
			children = (
				98137C7E1DF61D4300EEB95F /* Base */,
			);
			name = Main.storyboard;
			sourceTree = "<group>";
		};
		98137C821DF61D4300EEB95F /* LaunchScreen.storyboard */ = {
			isa = PBXVariantGroup;
			children = (
				98137C831DF61D4300EEB95F /* Base */,
			);
			name = LaunchScreen.storyboard;
			sourceTree = "<group>";
		};
/* End PBXVariantGroup section */

/* Begin XCBuildConfiguration section */
		98137C861DF61D4300EEB95F /* Debug */ = {
			isa = XCBuildConfiguration;
			buildSettings = {
				ALWAYS_SEARCH_USER_PATHS = NO;
				CLANG_ANALYZER_NONNULL = YES;
				CLANG_CXX_LANGUAGE_STANDARD = "gnu++0x";
				CLANG_CXX_LIBRARY = "libc++";
				CLANG_ENABLE_MODULES = YES;
				CLANG_ENABLE_OBJC_ARC = YES;
				CLANG_WARN_BOOL_CONVERSION = YES;
				CLANG_WARN_CONSTANT_CONVERSION = YES;
				CLANG_WARN_DIRECT_OBJC_ISA_USAGE = YES_ERROR;
				CLANG_WARN_DOCUMENTATION_COMMENTS = YES;
				CLANG_WARN_EMPTY_BODY = YES;
				CLANG_WARN_ENUM_CONVERSION = YES;
				CLANG_WARN_INFINITE_RECURSION = YES;
				CLANG_WARN_INT_CONVERSION = YES;
				CLANG_WARN_OBJC_ROOT_CLASS = YES_ERROR;
				CLANG_WARN_SUSPICIOUS_MOVES = YES;
				CLANG_WARN_UNREACHABLE_CODE = YES;
				CLANG_WARN__DUPLICATE_METHOD_MATCH = YES;
				"CODE_SIGN_IDENTITY[sdk=iphoneos*]" = "iPhone Developer";
				COPY_PHASE_STRIP = NO;
				DEBUG_INFORMATION_FORMAT = dwarf;
				ENABLE_STRICT_OBJC_MSGSEND = YES;
				ENABLE_TESTABILITY = YES;
				GCC_C_LANGUAGE_STANDARD = gnu99;
				GCC_DYNAMIC_NO_PIC = NO;
				GCC_NO_COMMON_BLOCKS = YES;
				GCC_OPTIMIZATION_LEVEL = 0;
				GCC_PREPROCESSOR_DEFINITIONS = (
					"DEBUG=1",
					"$(inherited)",
				);
				GCC_WARN_64_TO_32_BIT_CONVERSION = YES;
				GCC_WARN_ABOUT_RETURN_TYPE = YES_ERROR;
				GCC_WARN_UNDECLARED_SELECTOR = YES;
				GCC_WARN_UNINITIALIZED_AUTOS = YES_AGGRESSIVE;
				GCC_WARN_UNUSED_FUNCTION = YES;
				GCC_WARN_UNUSED_VARIABLE = YES;
				IPHONEOS_DEPLOYMENT_TARGET = 10.1;
				MTL_ENABLE_DEBUG_INFO = YES;
				ONLY_ACTIVE_ARCH = YES;
				SDKROOT = iphoneos;
				SWIFT_ACTIVE_COMPILATION_CONDITIONS = DEBUG;
				SWIFT_OPTIMIZATION_LEVEL = "-Onone";
				TARGETED_DEVICE_FAMILY = "1,2";
			};
			name = Debug;
		};
		98137C871DF61D4300EEB95F /* Release */ = {
			isa = XCBuildConfiguration;
			buildSettings = {
				ALWAYS_SEARCH_USER_PATHS = NO;
				CLANG_ANALYZER_NONNULL = YES;
				CLANG_CXX_LANGUAGE_STANDARD = "gnu++0x";
				CLANG_CXX_LIBRARY = "libc++";
				CLANG_ENABLE_MODULES = YES;
				CLANG_ENABLE_OBJC_ARC = YES;
				CLANG_WARN_BOOL_CONVERSION = YES;
				CLANG_WARN_CONSTANT_CONVERSION = YES;
				CLANG_WARN_DIRECT_OBJC_ISA_USAGE = YES_ERROR;
				CLANG_WARN_DOCUMENTATION_COMMENTS = YES;
				CLANG_WARN_EMPTY_BODY = YES;
				CLANG_WARN_ENUM_CONVERSION = YES;
				CLANG_WARN_INFINITE_RECURSION = YES;
				CLANG_WARN_INT_CONVERSION = YES;
				CLANG_WARN_OBJC_ROOT_CLASS = YES_ERROR;
				CLANG_WARN_SUSPICIOUS_MOVES = YES;
				CLANG_WARN_UNREACHABLE_CODE = YES;
				CLANG_WARN__DUPLICATE_METHOD_MATCH = YES;
				"CODE_SIGN_IDENTITY[sdk=iphoneos*]" = "iPhone Developer";
				COPY_PHASE_STRIP = NO;
				DEBUG_INFORMATION_FORMAT = "dwarf-with-dsym";
				ENABLE_NS_ASSERTIONS = NO;
				ENABLE_STRICT_OBJC_MSGSEND = YES;
				GCC_C_LANGUAGE_STANDARD = gnu99;
				GCC_NO_COMMON_BLOCKS = YES;
				GCC_WARN_64_TO_32_BIT_CONVERSION = YES;
				GCC_WARN_ABOUT_RETURN_TYPE = YES_ERROR;
				GCC_WARN_UNDECLARED_SELECTOR = YES;
				GCC_WARN_UNINITIALIZED_AUTOS = YES_AGGRESSIVE;
				GCC_WARN_UNUSED_FUNCTION = YES;
				GCC_WARN_UNUSED_VARIABLE = YES;
				IPHONEOS_DEPLOYMENT_TARGET = 10.1;
				MTL_ENABLE_DEBUG_INFO = NO;
				SDKROOT = iphoneos;
				SWIFT_OPTIMIZATION_LEVEL = "-Owholemodule";
				TARGETED_DEVICE_FAMILY = "1,2";
				VALIDATE_PRODUCT = YES;
			};
			name = Release;
		};
		98137C891DF61D4300EEB95F /* Debug */ = {
			isa = XCBuildConfiguration;
			buildSettings = {
				ASSETCATALOG_COMPILER_APPICON_NAME = AppIcon;
				DEVELOPMENT_TEAM = YZES4W93E9;
				INFOPLIST_FILE = Labels/Info.plist;
				LD_RUNPATH_SEARCH_PATHS = "$(inherited) @executable_path/Frameworks";
				PRODUCT_BUNDLE_IDENTIFIER = me.jglievano.Labels;
				PRODUCT_NAME = "$(TARGET_NAME)";
				SWIFT_VERSION = 3.0;
			};
			name = Debug;
		};
		98137C8A1DF61D4300EEB95F /* Release */ = {
			isa = XCBuildConfiguration;
			buildSettings = {
				ASSETCATALOG_COMPILER_APPICON_NAME = AppIcon;
				DEVELOPMENT_TEAM = YZES4W93E9;
				INFOPLIST_FILE = Labels/Info.plist;
				LD_RUNPATH_SEARCH_PATHS = "$(inherited) @executable_path/Frameworks";
				PRODUCT_BUNDLE_IDENTIFIER = me.jglievano.Labels;
				PRODUCT_NAME = "$(TARGET_NAME)";
				SWIFT_VERSION = 3.0;
			};
			name = Release;
		};
/* End XCBuildConfiguration section */

/* Begin XCConfigurationList section */
		98137C711DF61D4300EEB95F /* Build configuration list for PBXProject "Labels" */ = {
			isa = XCConfigurationList;
			buildConfigurations = (
				98137C861DF61D4300EEB95F /* Debug */,
				98137C871DF61D4300EEB95F /* Release */,
			);
			defaultConfigurationIsVisible = 0;
			defaultConfigurationName = Release;
		};
		98137C881DF61D4300EEB95F /* Build configuration list for PBXNativeTarget "Labels" */ = {
			isa = XCConfigurationList;
			buildConfigurations = (
				98137C891DF61D4300EEB95F /* Debug */,
				98137C8A1DF61D4300EEB95F /* Release */,
			);
			defaultConfigurationIsVisible = 0;
		};
/* End XCConfigurationList section */
	};
	rootObject = 98137C6E1DF61D4300EEB95F /* Project object */;
}
